
Microsoft Visual Studio Solution File, Format Version 12.00
# Visual Studio Version 17
VisualStudioVersion = 17.0.31903.59
MinimumVisualStudioVersion = 10.0.40219.1
Project("{FAE04EC0-301F-11D3-BF4B-00C04F79EFBC}") = "csharp", "src\csharp.csproj", "{8FFBDB4B-4994-4466-A812-96F08430F7ED}"
EndProject
Project("{FAE04EC0-301F-11D3-BF4B-00C04F79EFBC}") = "tests", "tests\tests.csproj", "{C71BDFAA-0A85-405A-AC4B-0945E2C042BA}"
EndProject
Project("{FAE04EC0-301F-11D3-BF4B-00C04F79EFBC}") = "benchmark", "benchmark\benchmark.csproj", "{62021F03-CE92-4E2C-83B2-4A9B9373FC5A}"
EndProject
Global
	GlobalSection(SolutionConfigurationPlatforms) = preSolution
		Debug|Any CPU = Debug|Any CPU
		Release|Any CPU = Release|Any CPU
	EndGlobalSection
	GlobalSection(SolutionProperties) = preSolution
		HideSolutionNode = FALSE
	EndGlobalSection
	GlobalSection(ProjectConfigurationPlatforms) = postSolution
		{8FFBDB4B-4994-4466-A812-96F08430F7ED}.Debug|Any CPU.ActiveCfg = Debug|Any CPU
		{8FFBDB4B-4994-4466-A812-96F08430F7ED}.Debug|Any CPU.Build.0 = Debug|Any CPU
		{8FFBDB4B-4994-4466-A812-96F08430F7ED}.Release|Any CPU.ActiveCfg = Release|Any CPU
		{8FFBDB4B-4994-4466-A812-96F08430F7ED}.Release|Any CPU.Build.0 = Release|Any CPU
		{C71BDFAA-0A85-405A-AC4B-0945E2C042BA}.Debug|Any CPU.ActiveCfg = Debug|Any CPU
		{C71BDFAA-0A85-405A-AC4B-0945E2C042BA}.Debug|Any CPU.Build.0 = Debug|Any CPU
		{C71BDFAA-0A85-405A-AC4B-0945E2C042BA}.Release|Any CPU.ActiveCfg = Release|Any CPU
		{C71BDFAA-0A85-405A-AC4B-0945E2C042BA}.Release|Any CPU.Build.0 = Release|Any CPU
		{62021F03-CE92-4E2C-83B2-4A9B9373FC5A}.Debug|Any CPU.ActiveCfg = Debug|Any CPU
		{62021F03-CE92-4E2C-83B2-4A9B9373FC5A}.Debug|Any CPU.Build.0 = Debug|Any CPU
		{62021F03-CE92-4E2C-83B2-4A9B9373FC5A}.Release|Any CPU.ActiveCfg = Release|Any CPU
		{62021F03-CE92-4E2C-83B2-4A9B9373FC5A}.Release|Any CPU.Build.0 = Release|Any CPU
	EndGlobalSection
EndGlobal
